
Microsoft Visual Studio Solution File, Format Version 12.00
# Visual Studio 2012
Project("{8BC9CEB8-8B4A-11D0-8D11-00A0C91BC942}") = "chimerge", "chimerge\chimerge.vcxproj", "{7FFA0FA0-1FF3-4168-9706-5B700E60B69E}"
EndProject
Global
	GlobalSection(SolutionConfigurationPlatforms) = preSolution
		Debug|Win32 = Debug|Win32
		Python|Win32 = Python|Win32
		Release|Win32 = Release|Win32
	EndGlobalSection
	GlobalSection(ProjectConfigurationPlatforms) = postSolution
		{7FFA0FA0-1FF3-4168-9706-5B700E60B69E}.Debug|Win32.ActiveCfg = Debug|Win32
		{7FFA0FA0-1FF3-4168-9706-5B700E60B69E}.Debug|Win32.Build.0 = Debug|Win32
		{7FFA0FA0-1FF3-4168-9706-5B700E60B69E}.Python|Win32.ActiveCfg = Python|Win32
		{7FFA0FA0-1FF3-4168-9706-5B700E60B69E}.Python|Win32.Build.0 = Python|Win32
		{7FFA0FA0-1FF3-4168-9706-5B700E60B69E}.Release|Win32.ActiveCfg = Release|Win32
		{7FFA0FA0-1FF3-4168-9706-5B700E60B69E}.Release|Win32.Build.0 = Release|Win32
	EndGlobalSection
	GlobalSection(SolutionProperties) = preSolution
		HideSolutionNode = FALSE
	EndGlobalSection
EndGlobal
